
Microsoft Visual Studio Solution File, Format Version 12.00
# Visual Studio 15
VisualStudioVersion = 15.0.28307.1831
MinimumVisualStudioVersion = 10.0.40219.1
Project("{FAE04EC0-301F-11D3-BF4B-00C04F79EFBC}") = "percobaanke8", "percobaanke8\percobaanke8.csproj", "{DBCDA50C-C337-4726-9412-60E0E76950B5}"
EndProject
Global
	GlobalSection(SolutionConfigurationPlatforms) = preSolution
		Debug|Any CPU = Debug|Any CPU
		Release|Any CPU = Release|Any CPU
	EndGlobalSection
	GlobalSection(ProjectConfigurationPlatforms) = postSolution
		{DBCDA50C-C337-4726-9412-60E0E76950B5}.Debug|Any CPU.ActiveCfg = Debug|Any CPU
		{DBCDA50C-C337-4726-9412-60E0E76950B5}.Debug|Any CPU.Build.0 = Debug|Any CPU
		{DBCDA50C-C337-4726-9412-60E0E76950B5}.Release|Any CPU.ActiveCfg = Release|Any CPU
		{DBCDA50C-C337-4726-9412-60E0E76950B5}.Release|Any CPU.Build.0 = Release|Any CPU
	EndGlobalSection
	GlobalSection(SolutionProperties) = preSolution
		HideSolutionNode = FALSE
	EndGlobalSection
	GlobalSection(ExtensibilityGlobals) = postSolution
		SolutionGuid = {B87EDA5B-BBE8-453A-963B-97CE7FA43689}
	EndGlobalSection
EndGlobal
